// !$*UTF8*$!
{
	archiveVersion = 1;
	classes = {
	};
	objectVersion = 55;
	objects = {

/* Begin PBXBuildFile section */
		AB35BE342884AD9300FE6C76 /* AppDelegate.swift in Sources */ = {isa = PBXBuildFile; fileRef = AB35BE332884AD9300FE6C76 /* AppDelegate.swift */; };
		AB35BE362884AD9300FE6C76 /* SceneDelegate.swift in Sources */ = {isa = PBXBuildFile; fileRef = AB35BE352884AD9300FE6C76 /* SceneDelegate.swift */; };
		AB35BE382884AD9300FE6C76 /* MainViewController.swift in Sources */ = {isa = PBXBuildFile; fileRef = AB35BE372884AD9300FE6C76 /* MainViewController.swift */; };
		AB35BE3B2884AD9300FE6C76 /* Main.storyboard in Resources */ = {isa = PBXBuildFile; fileRef = AB35BE392884AD9300FE6C76 /* Main.storyboard */; };
		AB35BE3E2884AD9300FE6C76 /* DreamLister.xcdatamodeld in Sources */ = {isa = PBXBuildFile; fileRef = AB35BE3C2884AD9300FE6C76 /* DreamLister.xcdatamodeld */; };
		AB35BE402884AD9400FE6C76 /* Assets.xcassets in Resources */ = {isa = PBXBuildFile; fileRef = AB35BE3F2884AD9400FE6C76 /* Assets.xcassets */; };
		AB35BE432884AD9400FE6C76 /* LaunchScreen.storyboard in Resources */ = {isa = PBXBuildFile; fileRef = AB35BE412884AD9400FE6C76 /* LaunchScreen.storyboard */; };
		AB4A92FC2886DF850093DBCE /* DetailsViewController+UIPickerViewDelegate.swift in Sources */ = {isa = PBXBuildFile; fileRef = AB4A92FB2886DF850093DBCE /* DetailsViewController+UIPickerViewDelegate.swift */; };
		AB4A92FE2886DF940093DBCE /* DetailsViewController+UIPickerViewDataSource.swift in Sources */ = {isa = PBXBuildFile; fileRef = AB4A92FD2886DF940093DBCE /* DetailsViewController+UIPickerViewDataSource.swift */; };
		AB4A93002886F6DF0093DBCE /* DetailsViewController+UIImagePickerControllerDelegate.swift in Sources */ = {isa = PBXBuildFile; fileRef = AB4A92FF2886F6DF0093DBCE /* DetailsViewController+UIImagePickerControllerDelegate.swift */; };
		ABAC68F12884B0C2000B1D33 /* Store+CoreDataClass.swift in Sources */ = {isa = PBXBuildFile; fileRef = ABAC68E92884B0C2000B1D33 /* Store+CoreDataClass.swift */; };
		ABAC68F22884B0C2000B1D33 /* Store+CoreDataProperties.swift in Sources */ = {isa = PBXBuildFile; fileRef = ABAC68EA2884B0C2000B1D33 /* Store+CoreDataProperties.swift */; };
		ABAC68F32884B0C2000B1D33 /* Image+CoreDataClass.swift in Sources */ = {isa = PBXBuildFile; fileRef = ABAC68EB2884B0C2000B1D33 /* Image+CoreDataClass.swift */; };
		ABAC68F42884B0C2000B1D33 /* Image+CoreDataProperties.swift in Sources */ = {isa = PBXBuildFile; fileRef = ABAC68EC2884B0C2000B1D33 /* Image+CoreDataProperties.swift */; };
		ABAC68F52884B0C2000B1D33 /* Item+CoreDataClass.swift in Sources */ = {isa = PBXBuildFile; fileRef = ABAC68ED2884B0C2000B1D33 /* Item+CoreDataClass.swift */; };
		ABAC68F62884B0C2000B1D33 /* Item+CoreDataProperties.swift in Sources */ = {isa = PBXBuildFile; fileRef = ABAC68EE2884B0C2000B1D33 /* Item+CoreDataProperties.swift */; };
		ABAC68F72884B0C2000B1D33 /* ItemType+CoreDataClass.swift in Sources */ = {isa = PBXBuildFile; fileRef = ABAC68EF2884B0C2000B1D33 /* ItemType+CoreDataClass.swift */; };
		ABAC68F82884B0C2000B1D33 /* ItemType+CoreDataProperties.swift in Sources */ = {isa = PBXBuildFile; fileRef = ABAC68F02884B0C2000B1D33 /* ItemType+CoreDataProperties.swift */; };
		ABAC68FB2884B72D000B1D33 /* ItemTableViewCell.swift in Sources */ = {isa = PBXBuildFile; fileRef = ABAC68FA2884B72C000B1D33 /* ItemTableViewCell.swift */; };
		ABAC68FD2884B7E0000B1D33 /* MainViewController+UITableViewDataSource.swift in Sources */ = {isa = PBXBuildFile; fileRef = ABAC68FC2884B7E0000B1D33 /* MainViewController+UITableViewDataSource.swift */; };
		ABAC68FF2884B7EB000B1D33 /* MainViewController+UITableViewDelegate.swift in Sources */ = {isa = PBXBuildFile; fileRef = ABAC68FE2884B7EB000B1D33 /* MainViewController+UITableViewDelegate.swift */; };
		ABAC69012884C0C2000B1D33 /* UIView+shadowDesign.swift in Sources */ = {isa = PBXBuildFile; fileRef = ABAC69002884C0C2000B1D33 /* UIView+shadowDesign.swift */; };
		ABAC69052884C7D4000B1D33 /* Constants.swift in Sources */ = {isa = PBXBuildFile; fileRef = ABAC69042884C7D4000B1D33 /* Constants.swift */; };
		ABBC91812885A33C00D4B343 /* CustomTextField.swift in Sources */ = {isa = PBXBuildFile; fileRef = ABBC91802885A33C00D4B343 /* CustomTextField.swift */; };
		ABBC91832885A40A00D4B343 /* DetailsViewController.swift in Sources */ = {isa = PBXBuildFile; fileRef = ABBC91822885A40A00D4B343 /* DetailsViewController.swift */; };
/* End PBXBuildFile section */

/* Begin PBXFileReference section */
		AB35BE302884AD9300FE6C76 /* DreamLister.app */ = {isa = PBXFileReference; explicitFileType = wrapper.application; includeInIndex = 0; path = DreamLister.app; sourceTree = BUILT_PRODUCTS_DIR; };
		AB35BE332884AD9300FE6C76 /* AppDelegate.swift */ = {isa = PBXFileReference; lastKnownFileType = sourcecode.swift; path = AppDelegate.swift; sourceTree = "<group>"; };
		AB35BE352884AD9300FE6C76 /* SceneDelegate.swift */ = {isa = PBXFileReference; lastKnownFileType = sourcecode.swift; path = SceneDelegate.swift; sourceTree = "<group>"; };
		AB35BE372884AD9300FE6C76 /* MainViewController.swift */ = {isa = PBXFileReference; lastKnownFileType = sourcecode.swift; path = MainViewController.swift; sourceTree = "<group>"; };
		AB35BE3A2884AD9300FE6C76 /* Base */ = {isa = PBXFileReference; lastKnownFileType = file.storyboard; name = Base; path = Base.lproj/Main.storyboard; sourceTree = "<group>"; };
		AB35BE3D2884AD9300FE6C76 /* DreamLister.xcdatamodel */ = {isa = PBXFileReference; lastKnownFileType = wrapper.xcdatamodel; path = DreamLister.xcdatamodel; sourceTree = "<group>"; };
		AB35BE3F2884AD9400FE6C76 /* Assets.xcassets */ = {isa = PBXFileReference; lastKnownFileType = folder.assetcatalog; path = Assets.xcassets; sourceTree = "<group>"; };
		AB35BE422884AD9400FE6C76 /* Base */ = {isa = PBXFileReference; lastKnownFileType = file.storyboard; name = Base; path = Base.lproj/LaunchScreen.storyboard; sourceTree = "<group>"; };
		AB35BE442884AD9400FE6C76 /* Info.plist */ = {isa = PBXFileReference; lastKnownFileType = text.plist.xml; path = Info.plist; sourceTree = "<group>"; };
		AB4A92FB2886DF850093DBCE /* DetailsViewController+UIPickerViewDelegate.swift */ = {isa = PBXFileReference; lastKnownFileType = sourcecode.swift; path = "DetailsViewController+UIPickerViewDelegate.swift"; sourceTree = "<group>"; };
		AB4A92FD2886DF940093DBCE /* DetailsViewController+UIPickerViewDataSource.swift */ = {isa = PBXFileReference; lastKnownFileType = sourcecode.swift; path = "DetailsViewController+UIPickerViewDataSource.swift"; sourceTree = "<group>"; };
		AB4A92FF2886F6DF0093DBCE /* DetailsViewController+UIImagePickerControllerDelegate.swift */ = {isa = PBXFileReference; lastKnownFileType = sourcecode.swift; path = "DetailsViewController+UIImagePickerControllerDelegate.swift"; sourceTree = "<group>"; };
		ABAC68E92884B0C2000B1D33 /* Store+CoreDataClass.swift */ = {isa = PBXFileReference; lastKnownFileType = sourcecode.swift; path = "Store+CoreDataClass.swift"; sourceTree = "<group>"; };
		ABAC68EA2884B0C2000B1D33 /* Store+CoreDataProperties.swift */ = {isa = PBXFileReference; lastKnownFileType = sourcecode.swift; path = "Store+CoreDataProperties.swift"; sourceTree = "<group>"; };
		ABAC68EB2884B0C2000B1D33 /* Image+CoreDataClass.swift */ = {isa = PBXFileReference; lastKnownFileType = sourcecode.swift; path = "Image+CoreDataClass.swift"; sourceTree = "<group>"; };
		ABAC68EC2884B0C2000B1D33 /* Image+CoreDataProperties.swift */ = {isa = PBXFileReference; lastKnownFileType = sourcecode.swift; path = "Image+CoreDataProperties.swift"; sourceTree = "<group>"; };
		ABAC68ED2884B0C2000B1D33 /* Item+CoreDataClass.swift */ = {isa = PBXFileReference; lastKnownFileType = sourcecode.swift; path = "Item+CoreDataClass.swift"; sourceTree = "<group>"; };
		ABAC68EE2884B0C2000B1D33 /* Item+CoreDataProperties.swift */ = {isa = PBXFileReference; lastKnownFileType = sourcecode.swift; path = "Item+CoreDataProperties.swift"; sourceTree = "<group>"; };
		ABAC68EF2884B0C2000B1D33 /* ItemType+CoreDataClass.swift */ = {isa = PBXFileReference; lastKnownFileType = sourcecode.swift; path = "ItemType+CoreDataClass.swift"; sourceTree = "<group>"; };
		ABAC68F02884B0C2000B1D33 /* ItemType+CoreDataProperties.swift */ = {isa = PBXFileReference; lastKnownFileType = sourcecode.swift; path = "ItemType+CoreDataProperties.swift"; sourceTree = "<group>"; };
		ABAC68FA2884B72C000B1D33 /* ItemTableViewCell.swift */ = {isa = PBXFileReference; lastKnownFileType = sourcecode.swift; path = ItemTableViewCell.swift; sourceTree = "<group>"; };
		ABAC68FC2884B7E0000B1D33 /* MainViewController+UITableViewDataSource.swift */ = {isa = PBXFileReference; lastKnownFileType = sourcecode.swift; path = "MainViewController+UITableViewDataSource.swift"; sourceTree = "<group>"; };
		ABAC68FE2884B7EB000B1D33 /* MainViewController+UITableViewDelegate.swift */ = {isa = PBXFileReference; lastKnownFileType = sourcecode.swift; path = "MainViewController+UITableViewDelegate.swift"; sourceTree = "<group>"; };
		ABAC69002884C0C2000B1D33 /* UIView+shadowDesign.swift */ = {isa = PBXFileReference; lastKnownFileType = sourcecode.swift; path = "UIView+shadowDesign.swift"; sourceTree = "<group>"; };
		ABAC69042884C7D4000B1D33 /* Constants.swift */ = {isa = PBXFileReference; lastKnownFileType = sourcecode.swift; path = Constants.swift; sourceTree = "<group>"; };
		ABBC91802885A33C00D4B343 /* CustomTextField.swift */ = {isa = PBXFileReference; fileEncoding = 4; lastKnownFileType = sourcecode.swift; path = CustomTextField.swift; sourceTree = "<group>"; };
		ABBC91822885A40A00D4B343 /* DetailsViewController.swift */ = {isa = PBXFileReference; lastKnownFileType = sourcecode.swift; path = DetailsViewController.swift; sourceTree = "<group>"; };
/* End PBXFileReference section */

/* Begin PBXFrameworksBuildPhase section */
		AB35BE2D2884AD9300FE6C76 /* Frameworks */ = {
			isa = PBXFrameworksBuildPhase;
			buildActionMask = 2147483647;
			files = (
			);
			runOnlyForDeploymentPostprocessing = 0;
		};
/* End PBXFrameworksBuildPhase section */

/* Begin PBXGroup section */
		AB35BE272884AD9300FE6C76 = {
			isa = PBXGroup;
			children = (
				ABAC68E92884B0C2000B1D33 /* Store+CoreDataClass.swift */,
				ABAC68EB2884B0C2000B1D33 /* Image+CoreDataClass.swift */,
				ABAC68ED2884B0C2000B1D33 /* Item+CoreDataClass.swift */,
				ABAC68EF2884B0C2000B1D33 /* ItemType+CoreDataClass.swift */,
				AB35BE322884AD9300FE6C76 /* DreamLister */,
				AB35BE312884AD9300FE6C76 /* Products */,
			);
			sourceTree = "<group>";
		};
		AB35BE312884AD9300FE6C76 /* Products */ = {
			isa = PBXGroup;
			children = (
				AB35BE302884AD9300FE6C76 /* DreamLister.app */,
			);
			name = Products;
			sourceTree = "<group>";
		};
		AB35BE322884AD9300FE6C76 /* DreamLister */ = {
			isa = PBXGroup;
			children = (
				AB35BE332884AD9300FE6C76 /* AppDelegate.swift */,
				AB35BE352884AD9300FE6C76 /* SceneDelegate.swift */,
				ABAC68E72884B057000B1D33 /* Model */,
				ABAC68E62884B050000B1D33 /* View */,
				ABAC69022884C0CD000B1D33 /* Extensions */,
				ABAC69032884C7CE000B1D33 /* Utilities */,
				AB35BE392884AD9300FE6C76 /* Main.storyboard */,
				AB35BE3F2884AD9400FE6C76 /* Assets.xcassets */,
				AB35BE412884AD9400FE6C76 /* LaunchScreen.storyboard */,
				AB35BE442884AD9400FE6C76 /* Info.plist */,
				AB35BE3C2884AD9300FE6C76 /* DreamLister.xcdatamodeld */,
			);
			path = DreamLister;
			sourceTree = "<group>";
		};
		AB4A92F92886DF370093DBCE /* MainViewController */ = {
			isa = PBXGroup;
			children = (
				AB35BE372884AD9300FE6C76 /* MainViewController.swift */,
				ABAC68FC2884B7E0000B1D33 /* MainViewController+UITableViewDataSource.swift */,
				ABAC68FE2884B7EB000B1D33 /* MainViewController+UITableViewDelegate.swift */,
				ABAC68FA2884B72C000B1D33 /* ItemTableViewCell.swift */,
			);
			path = MainViewController;
			sourceTree = "<group>";
		};
		AB4A92FA2886DF460093DBCE /* DetailsViewController */ = {
			isa = PBXGroup;
			children = (
				ABBC91822885A40A00D4B343 /* DetailsViewController.swift */,
				AB4A92FD2886DF940093DBCE /* DetailsViewController+UIPickerViewDataSource.swift */,
				AB4A92FB2886DF850093DBCE /* DetailsViewController+UIPickerViewDelegate.swift */,
				AB4A92FF2886F6DF0093DBCE /* DetailsViewController+UIImagePickerControllerDelegate.swift */,
				ABBC91802885A33C00D4B343 /* CustomTextField.swift */,
			);
			path = DetailsViewController;
			sourceTree = "<group>";
		};
		ABAC68E62884B050000B1D33 /* View */ = {
			isa = PBXGroup;
			children = (
				AB4A92F92886DF370093DBCE /* MainViewController */,
				AB4A92FA2886DF460093DBCE /* DetailsViewController */,
			);
			path = View;
			sourceTree = "<group>";
		};
		ABAC68E72884B057000B1D33 /* Model */ = {
			isa = PBXGroup;
			children = (
				ABAC68EA2884B0C2000B1D33 /* Store+CoreDataProperties.swift */,
				ABAC68EC2884B0C2000B1D33 /* Image+CoreDataProperties.swift */,
				ABAC68EE2884B0C2000B1D33 /* Item+CoreDataProperties.swift */,
				ABAC68F02884B0C2000B1D33 /* ItemType+CoreDataProperties.swift */,
			);
			path = Model;
			sourceTree = "<group>";
		};
		ABAC69022884C0CD000B1D33 /* Extensions */ = {
			isa = PBXGroup;
			children = (
				ABAC69002884C0C2000B1D33 /* UIView+shadowDesign.swift */,
			);
			path = Extensions;
			sourceTree = "<group>";
		};
		ABAC69032884C7CE000B1D33 /* Utilities */ = {
			isa = PBXGroup;
			children = (
				ABAC69042884C7D4000B1D33 /* Constants.swift */,
			);
			path = Utilities;
			sourceTree = "<group>";
		};
/* End PBXGroup section */

/* Begin PBXNativeTarget section */
		AB35BE2F2884AD9300FE6C76 /* DreamLister */ = {
			isa = PBXNativeTarget;
			buildConfigurationList = AB35BE472884AD9400FE6C76 /* Build configuration list for PBXNativeTarget "DreamLister" */;
			buildPhases = (
				AB35BE2C2884AD9300FE6C76 /* Sources */,
				AB35BE2D2884AD9300FE6C76 /* Frameworks */,
				AB35BE2E2884AD9300FE6C76 /* Resources */,
				ABAC68F92884B5A0000B1D33 /* SwiftLint */,
			);
			buildRules = (
			);
			dependencies = (
			);
			name = DreamLister;
			productName = DreamLister;
			productReference = AB35BE302884AD9300FE6C76 /* DreamLister.app */;
			productType = "com.apple.product-type.application";
		};
/* End PBXNativeTarget section */

/* Begin PBXProject section */
		AB35BE282884AD9300FE6C76 /* Project object */ = {
			isa = PBXProject;
			attributes = {
				BuildIndependentTargetsInParallel = 1;
				LastSwiftUpdateCheck = 1340;
				LastUpgradeCheck = 1340;
				TargetAttributes = {
					AB35BE2F2884AD9300FE6C76 = {
						CreatedOnToolsVersion = 13.4.1;
					};
				};
			};
			buildConfigurationList = AB35BE2B2884AD9300FE6C76 /* Build configuration list for PBXProject "DreamLister" */;
			compatibilityVersion = "Xcode 13.0";
			developmentRegion = en;
			hasScannedForEncodings = 0;
			knownRegions = (
				en,
				Base,
			);
			mainGroup = AB35BE272884AD9300FE6C76;
			productRefGroup = AB35BE312884AD9300FE6C76 /* Products */;
			projectDirPath = "";
			projectRoot = "";
			targets = (
				AB35BE2F2884AD9300FE6C76 /* DreamLister */,
			);
		};
/* End PBXProject section */

/* Begin PBXResourcesBuildPhase section */
		AB35BE2E2884AD9300FE6C76 /* Resources */ = {
			isa = PBXResourcesBuildPhase;
			buildActionMask = 2147483647;
			files = (
				AB35BE432884AD9400FE6C76 /* LaunchScreen.storyboard in Resources */,
				AB35BE402884AD9400FE6C76 /* Assets.xcassets in Resources */,
				AB35BE3B2884AD9300FE6C76 /* Main.storyboard in Resources */,
			);
			runOnlyForDeploymentPostprocessing = 0;
		};
/* End PBXResourcesBuildPhase section */

/* Begin PBXShellScriptBuildPhase section */
		ABAC68F92884B5A0000B1D33 /* SwiftLint */ = {
			isa = PBXShellScriptBuildPhase;
			buildActionMask = 2147483647;
			files = (
			);
			inputFileListPaths = (
			);
			inputPaths = (
			);
			name = SwiftLint;
			outputFileListPaths = (
			);
			outputPaths = (
			);
			runOnlyForDeploymentPostprocessing = 0;
			shellPath = /bin/sh;
			shellScript = "if test -d \"/opt/homebrew/bin/\"; then\n  PATH=\"/opt/homebrew/bin/:${PATH}\"\nfi\n\nexport PATH\n\nif which swiftlint >/dev/null; then\n  swiftlint\nelse\n  echo \"warning: SwiftLint not installed, download from https://github.com/realm/SwiftLint\"\nfi\n";
		};
/* End PBXShellScriptBuildPhase section */

/* Begin PBXSourcesBuildPhase section */
		AB35BE2C2884AD9300FE6C76 /* Sources */ = {
			isa = PBXSourcesBuildPhase;
			buildActionMask = 2147483647;
			files = (
				ABAC68F72884B0C2000B1D33 /* ItemType+CoreDataClass.swift in Sources */,
				AB35BE3E2884AD9300FE6C76 /* DreamLister.xcdatamodeld in Sources */,
				AB4A93002886F6DF0093DBCE /* DetailsViewController+UIImagePickerControllerDelegate.swift in Sources */,
				ABAC68F22884B0C2000B1D33 /* Store+CoreDataProperties.swift in Sources */,
				ABAC68F32884B0C2000B1D33 /* Image+CoreDataClass.swift in Sources */,
				ABAC68F52884B0C2000B1D33 /* Item+CoreDataClass.swift in Sources */,
				AB4A92FC2886DF850093DBCE /* DetailsViewController+UIPickerViewDelegate.swift in Sources */,
				ABAC68F62884B0C2000B1D33 /* Item+CoreDataProperties.swift in Sources */,
				ABAC68FB2884B72D000B1D33 /* ItemTableViewCell.swift in Sources */,
				AB35BE382884AD9300FE6C76 /* MainViewController.swift in Sources */,
				ABBC91812885A33C00D4B343 /* CustomTextField.swift in Sources */,
				ABAC69012884C0C2000B1D33 /* UIView+shadowDesign.swift in Sources */,
				ABAC68F12884B0C2000B1D33 /* Store+CoreDataClass.swift in Sources */,
				ABAC69052884C7D4000B1D33 /* Constants.swift in Sources */,
				ABAC68F82884B0C2000B1D33 /* ItemType+CoreDataProperties.swift in Sources */,
				ABBC91832885A40A00D4B343 /* DetailsViewController.swift in Sources */,
				ABAC68FD2884B7E0000B1D33 /* MainViewController+UITableViewDataSource.swift in Sources */,
				AB35BE342884AD9300FE6C76 /* AppDelegate.swift in Sources */,
				AB4A92FE2886DF940093DBCE /* DetailsViewController+UIPickerViewDataSource.swift in Sources */,
				AB35BE362884AD9300FE6C76 /* SceneDelegate.swift in Sources */,
				ABAC68FF2884B7EB000B1D33 /* MainViewController+UITableViewDelegate.swift in Sources */,
				ABAC68F42884B0C2000B1D33 /* Image+CoreDataProperties.swift in Sources */,
			);
			runOnlyForDeploymentPostprocessing = 0;
		};
/* End PBXSourcesBuildPhase section */

/* Begin PBXVariantGroup section */
		AB35BE392884AD9300FE6C76 /* Main.storyboard */ = {
			isa = PBXVariantGroup;
			children = (
				AB35BE3A2884AD9300FE6C76 /* Base */,
			);
			name = Main.storyboard;
			sourceTree = "<group>";
		};
		AB35BE412884AD9400FE6C76 /* LaunchScreen.storyboard */ = {
			isa = PBXVariantGroup;
			children = (
				AB35BE422884AD9400FE6C76 /* Base */,
			);
			name = LaunchScreen.storyboard;
			sourceTree = "<group>";
		};
/* End PBXVariantGroup section */

/* Begin XCBuildConfiguration section */
		AB35BE452884AD9400FE6C76 /* Debug */ = {
			isa = XCBuildConfiguration;
			buildSettings = {
				ALWAYS_SEARCH_USER_PATHS = NO;
				CLANG_ANALYZER_NONNULL = YES;
				CLANG_ANALYZER_NUMBER_OBJECT_CONVERSION = YES_AGGRESSIVE;
				CLANG_CXX_LANGUAGE_STANDARD = "gnu++17";
				CLANG_ENABLE_MODULES = YES;
				CLANG_ENABLE_OBJC_ARC = YES;
				CLANG_ENABLE_OBJC_WEAK = YES;
				CLANG_WARN_BLOCK_CAPTURE_AUTORELEASING = YES;
				CLANG_WARN_BOOL_CONVERSION = YES;
				CLANG_WARN_COMMA = YES;
				CLANG_WARN_CONSTANT_CONVERSION = YES;
				CLANG_WARN_DEPRECATED_OBJC_IMPLEMENTATIONS = YES;
				CLANG_WARN_DIRECT_OBJC_ISA_USAGE = YES_ERROR;
				CLANG_WARN_DOCUMENTATION_COMMENTS = YES;
				CLANG_WARN_EMPTY_BODY = YES;
				CLANG_WARN_ENUM_CONVERSION = YES;
				CLANG_WARN_INFINITE_RECURSION = YES;
				CLANG_WARN_INT_CONVERSION = YES;
				CLANG_WARN_NON_LITERAL_NULL_CONVERSION = YES;
				CLANG_WARN_OBJC_IMPLICIT_RETAIN_SELF = YES;
				CLANG_WARN_OBJC_LITERAL_CONVERSION = YES;
				CLANG_WARN_OBJC_ROOT_CLASS = YES_ERROR;
				CLANG_WARN_QUOTED_INCLUDE_IN_FRAMEWORK_HEADER = YES;
				CLANG_WARN_RANGE_LOOP_ANALYSIS = YES;
				CLANG_WARN_STRICT_PROTOTYPES = YES;
				CLANG_WARN_SUSPICIOUS_MOVE = YES;
				CLANG_WARN_UNGUARDED_AVAILABILITY = YES_AGGRESSIVE;
				CLANG_WARN_UNREACHABLE_CODE = YES;
				CLANG_WARN__DUPLICATE_METHOD_MATCH = YES;
				COPY_PHASE_STRIP = NO;
				DEBUG_INFORMATION_FORMAT = dwarf;
				ENABLE_STRICT_OBJC_MSGSEND = YES;
				ENABLE_TESTABILITY = YES;
				GCC_C_LANGUAGE_STANDARD = gnu11;
				GCC_DYNAMIC_NO_PIC = NO;
				GCC_NO_COMMON_BLOCKS = YES;
				GCC_OPTIMIZATION_LEVEL = 0;
				GCC_PREPROCESSOR_DEFINITIONS = (
					"DEBUG=1",
					"$(inherited)",
				);
				GCC_WARN_64_TO_32_BIT_CONVERSION = YES;
				GCC_WARN_ABOUT_RETURN_TYPE = YES_ERROR;
				GCC_WARN_UNDECLARED_SELECTOR = YES;
				GCC_WARN_UNINITIALIZED_AUTOS = YES_AGGRESSIVE;
				GCC_WARN_UNUSED_FUNCTION = YES;
				GCC_WARN_UNUSED_VARIABLE = YES;
				IPHONEOS_DEPLOYMENT_TARGET = 15.5;
				MTL_ENABLE_DEBUG_INFO = INCLUDE_SOURCE;
				MTL_FAST_MATH = YES;
				ONLY_ACTIVE_ARCH = YES;
				SDKROOT = iphoneos;
				SWIFT_ACTIVE_COMPILATION_CONDITIONS = DEBUG;
				SWIFT_OPTIMIZATION_LEVEL = "-Onone";
			};
			name = Debug;
		};
		AB35BE462884AD9400FE6C76 /* Release */ = {
			isa = XCBuildConfiguration;
			buildSettings = {
				ALWAYS_SEARCH_USER_PATHS = NO;
				CLANG_ANALYZER_NONNULL = YES;
				CLANG_ANALYZER_NUMBER_OBJECT_CONVERSION = YES_AGGRESSIVE;
				CLANG_CXX_LANGUAGE_STANDARD = "gnu++17";
				CLANG_ENABLE_MODULES = YES;
				CLANG_ENABLE_OBJC_ARC = YES;
				CLANG_ENABLE_OBJC_WEAK = YES;
				CLANG_WARN_BLOCK_CAPTURE_AUTORELEASING = YES;
				CLANG_WARN_BOOL_CONVERSION = YES;
				CLANG_WARN_COMMA = YES;
				CLANG_WARN_CONSTANT_CONVERSION = YES;
				CLANG_WARN_DEPRECATED_OBJC_IMPLEMENTATIONS = YES;
				CLANG_WARN_DIRECT_OBJC_ISA_USAGE = YES_ERROR;
				CLANG_WARN_DOCUMENTATION_COMMENTS = YES;
				CLANG_WARN_EMPTY_BODY = YES;
				CLANG_WARN_ENUM_CONVERSION = YES;
				CLANG_WARN_INFINITE_RECURSION = YES;
				CLANG_WARN_INT_CONVERSION = YES;
				CLANG_WARN_NON_LITERAL_NULL_CONVERSION = YES;
				CLANG_WARN_OBJC_IMPLICIT_RETAIN_SELF = YES;
				CLANG_WARN_OBJC_LITERAL_CONVERSION = YES;
				CLANG_WARN_OBJC_ROOT_CLASS = YES_ERROR;
				CLANG_WARN_QUOTED_INCLUDE_IN_FRAMEWORK_HEADER = YES;
				CLANG_WARN_RANGE_LOOP_ANALYSIS = YES;
				CLANG_WARN_STRICT_PROTOTYPES = YES;
				CLANG_WARN_SUSPICIOUS_MOVE = YES;
				CLANG_WARN_UNGUARDED_AVAILABILITY = YES_AGGRESSIVE;
				CLANG_WARN_UNREACHABLE_CODE = YES;
				CLANG_WARN__DUPLICATE_METHOD_MATCH = YES;
				COPY_PHASE_STRIP = NO;
				DEBUG_INFORMATION_FORMAT = "dwarf-with-dsym";
				ENABLE_NS_ASSERTIONS = NO;
				ENABLE_STRICT_OBJC_MSGSEND = YES;
				GCC_C_LANGUAGE_STANDARD = gnu11;
				GCC_NO_COMMON_BLOCKS = YES;
				GCC_WARN_64_TO_32_BIT_CONVERSION = YES;
				GCC_WARN_ABOUT_RETURN_TYPE = YES_ERROR;
				GCC_WARN_UNDECLARED_SELECTOR = YES;
				GCC_WARN_UNINITIALIZED_AUTOS = YES_AGGRESSIVE;
				GCC_WARN_UNUSED_FUNCTION = YES;
				GCC_WARN_UNUSED_VARIABLE = YES;
				IPHONEOS_DEPLOYMENT_TARGET = 15.5;
				MTL_ENABLE_DEBUG_INFO = NO;
				MTL_FAST_MATH = YES;
				SDKROOT = iphoneos;
				SWIFT_COMPILATION_MODE = wholemodule;
				SWIFT_OPTIMIZATION_LEVEL = "-O";
				VALIDATE_PRODUCT = YES;
			};
			name = Release;
		};
		AB35BE482884AD9400FE6C76 /* Debug */ = {
			isa = XCBuildConfiguration;
			buildSettings = {
				ASSETCATALOG_COMPILER_APPICON_NAME = AppIcon;
				ASSETCATALOG_COMPILER_GLOBAL_ACCENT_COLOR_NAME = AccentColor;
				CODE_SIGN_STYLE = Automatic;
				CURRENT_PROJECT_VERSION = 1;
				DEVELOPMENT_TEAM = 9LT5ZRK64X;
				GENERATE_INFOPLIST_FILE = YES;
				INFOPLIST_FILE = DreamLister/Info.plist;
				INFOPLIST_KEY_UIApplicationSupportsIndirectInputEvents = YES;
				INFOPLIST_KEY_UILaunchStoryboardName = LaunchScreen;
				INFOPLIST_KEY_UISupportedInterfaceOrientations_iPad = "UIInterfaceOrientationPortrait UIInterfaceOrientationPortraitUpsideDown UIInterfaceOrientationLandscapeLeft UIInterfaceOrientationLandscapeRight";
				INFOPLIST_KEY_UISupportedInterfaceOrientations_iPhone = "UIInterfaceOrientationPortrait UIInterfaceOrientationLandscapeLeft UIInterfaceOrientationLandscapeRight";
				LD_RUNPATH_SEARCH_PATHS = (
					"$(inherited)",
					"@executable_path/Frameworks",
				);
				MARKETING_VERSION = 1.0;
				PRODUCT_BUNDLE_IDENTIFIER = com.julianmichaeltechnologies.DreamLister;
				PRODUCT_NAME = "$(TARGET_NAME)";
				SWIFT_EMIT_LOC_STRINGS = YES;
				SWIFT_VERSION = 5.0;
				TARGETED_DEVICE_FAMILY = "1,2";
			};
			name = Debug;
		};
		AB35BE492884AD9400FE6C76 /* Release */ = {
			isa = XCBuildConfiguration;
			buildSettings = {
				ASSETCATALOG_COMPILER_APPICON_NAME = AppIcon;
				ASSETCATALOG_COMPILER_GLOBAL_ACCENT_COLOR_NAME = AccentColor;
				CODE_SIGN_STYLE = Automatic;
				CURRENT_PROJECT_VERSION = 1;
				DEVELOPMENT_TEAM = 9LT5ZRK64X;
				GENERATE_INFOPLIST_FILE = YES;
				INFOPLIST_FILE = DreamLister/Info.plist;
				INFOPLIST_KEY_UIApplicationSupportsIndirectInputEvents = YES;
				INFOPLIST_KEY_UILaunchStoryboardName = LaunchScreen;
				INFOPLIST_KEY_UISupportedInterfaceOrientations_iPad = "UIInterfaceOrientationPortrait UIInterfaceOrientationPortraitUpsideDown UIInterfaceOrientationLandscapeLeft UIInterfaceOrientationLandscapeRight";
				INFOPLIST_KEY_UISupportedInterfaceOrientations_iPhone = "UIInterfaceOrientationPortrait UIInterfaceOrientationLandscapeLeft UIInterfaceOrientationLandscapeRight";
				LD_RUNPATH_SEARCH_PATHS = (
					"$(inherited)",
					"@executable_path/Frameworks",
				);
				MARKETING_VERSION = 1.0;
				PRODUCT_BUNDLE_IDENTIFIER = com.julianmichaeltechnologies.DreamLister;
				PRODUCT_NAME = "$(TARGET_NAME)";
				SWIFT_EMIT_LOC_STRINGS = YES;
				SWIFT_VERSION = 5.0;
				TARGETED_DEVICE_FAMILY = "1,2";
			};
			name = Release;
		};
/* End XCBuildConfiguration section */

/* Begin XCConfigurationList section */
		AB35BE2B2884AD9300FE6C76 /* Build configuration list for PBXProject "DreamLister" */ = {
			isa = XCConfigurationList;
			buildConfigurations = (
				AB35BE452884AD9400FE6C76 /* Debug */,
				AB35BE462884AD9400FE6C76 /* Release */,
			);
			defaultConfigurationIsVisible = 0;
			defaultConfigurationName = Release;
		};
		AB35BE472884AD9400FE6C76 /* Build configuration list for PBXNativeTarget "DreamLister" */ = {
			isa = XCConfigurationList;
			buildConfigurations = (
				AB35BE482884AD9400FE6C76 /* Debug */,
				AB35BE492884AD9400FE6C76 /* Release */,
			);
			defaultConfigurationIsVisible = 0;
			defaultConfigurationName = Release;
		};
/* End XCConfigurationList section */

/* Begin XCVersionGroup section */
		AB35BE3C2884AD9300FE6C76 /* DreamLister.xcdatamodeld */ = {
			isa = XCVersionGroup;
			children = (
				AB35BE3D2884AD9300FE6C76 /* DreamLister.xcdatamodel */,
			);
			currentVersion = AB35BE3D2884AD9300FE6C76 /* DreamLister.xcdatamodel */;
			path = DreamLister.xcdatamodeld;
			sourceTree = "<group>";
			versionGroupType = wrapper.xcdatamodel;
		};
/* End XCVersionGroup section */
	};
	rootObject = AB35BE282884AD9300FE6C76 /* Project object */;
}
